// !$*UTF8*$!
{
	archiveVersion = 1;
	classes = {
	};
	objectVersion = 55;
	objects = {

/* Begin PBXBuildFile section */
		04DECB1028BCB511008BA4FA /* Tests_iOS.swift in Sources */ = {isa = PBXBuildFile; fileRef = 04DECB0F28BCB511008BA4FA /* Tests_iOS.swift */; };
		04DECB1228BCB511008BA4FA /* Tests_iOSLaunchTests.swift in Sources */ = {isa = PBXBuildFile; fileRef = 04DECB1128BCB511008BA4FA /* Tests_iOSLaunchTests.swift */; };
		04DECB1C28BCB511008BA4FA /* Tests_macOS.swift in Sources */ = {isa = PBXBuildFile; fileRef = 04DECB1B28BCB511008BA4FA /* Tests_macOS.swift */; };
		04DECB1E28BCB511008BA4FA /* Tests_macOSLaunchTests.swift in Sources */ = {isa = PBXBuildFile; fileRef = 04DECB1D28BCB511008BA4FA /* Tests_macOSLaunchTests.swift */; };
		04DECB1F28BCB511008BA4FA /* Todo_ListApp.swift in Sources */ = {isa = PBXBuildFile; fileRef = 04DECAF728BCB50C008BA4FA /* Todo_ListApp.swift */; };
		04DECB2028BCB511008BA4FA /* Todo_ListApp.swift in Sources */ = {isa = PBXBuildFile; fileRef = 04DECAF728BCB50C008BA4FA /* Todo_ListApp.swift */; };
		04DECB2128BCB511008BA4FA /* ContentView.swift in Sources */ = {isa = PBXBuildFile; fileRef = 04DECAF828BCB50C008BA4FA /* ContentView.swift */; };
		04DECB2228BCB511008BA4FA /* ContentView.swift in Sources */ = {isa = PBXBuildFile; fileRef = 04DECAF828BCB50C008BA4FA /* ContentView.swift */; };
		04DECB2328BCB511008BA4FA /* Assets.xcassets in Resources */ = {isa = PBXBuildFile; fileRef = 04DECAF928BCB511008BA4FA /* Assets.xcassets */; };
		04DECB2428BCB511008BA4FA /* Assets.xcassets in Resources */ = {isa = PBXBuildFile; fileRef = 04DECAF928BCB511008BA4FA /* Assets.xcassets */; };
		04DECB3428BCBA24008BA4FA /* Item.swift in Sources */ = {isa = PBXBuildFile; fileRef = 04DECB3328BCBA24008BA4FA /* Item.swift */; };
		04DECB3528BCBA25008BA4FA /* Item.swift in Sources */ = {isa = PBXBuildFile; fileRef = 04DECB3328BCBA24008BA4FA /* Item.swift */; };
/* End PBXBuildFile section */

/* Begin PBXContainerItemProxy section */
		04DECB0C28BCB511008BA4FA /* PBXContainerItemProxy */ = {
			isa = PBXContainerItemProxy;
			containerPortal = 04DECAF228BCB50C008BA4FA /* Project object */;
			proxyType = 1;
			remoteGlobalIDString = 04DECAFD28BCB511008BA4FA;
			remoteInfo = "Todo List (iOS)";
		};
		04DECB1828BCB511008BA4FA /* PBXContainerItemProxy */ = {
			isa = PBXContainerItemProxy;
			containerPortal = 04DECAF228BCB50C008BA4FA /* Project object */;
			proxyType = 1;
			remoteGlobalIDString = 04DECB0328BCB511008BA4FA;
			remoteInfo = "Todo List (macOS)";
		};
/* End PBXContainerItemProxy section */

/* Begin PBXFileReference section */
		04DECAF728BCB50C008BA4FA /* Todo_ListApp.swift */ = {isa = PBXFileReference; lastKnownFileType = sourcecode.swift; path = Todo_ListApp.swift; sourceTree = "<group>"; };
		04DECAF828BCB50C008BA4FA /* ContentView.swift */ = {isa = PBXFileReference; lastKnownFileType = sourcecode.swift; path = ContentView.swift; sourceTree = "<group>"; };
		04DECAF928BCB511008BA4FA /* Assets.xcassets */ = {isa = PBXFileReference; lastKnownFileType = folder.assetcatalog; path = Assets.xcassets; sourceTree = "<group>"; };
		04DECAFE28BCB511008BA4FA /* Todo List.app */ = {isa = PBXFileReference; explicitFileType = wrapper.application; includeInIndex = 0; path = "Todo List.app"; sourceTree = BUILT_PRODUCTS_DIR; };
		04DECB0428BCB511008BA4FA /* Todo List.app */ = {isa = PBXFileReference; explicitFileType = wrapper.application; includeInIndex = 0; path = "Todo List.app"; sourceTree = BUILT_PRODUCTS_DIR; };
		04DECB0628BCB511008BA4FA /* macOS.entitlements */ = {isa = PBXFileReference; lastKnownFileType = text.plist.entitlements; path = macOS.entitlements; sourceTree = "<group>"; };
		04DECB0B28BCB511008BA4FA /* Tests iOS.xctest */ = {isa = PBXFileReference; explicitFileType = wrapper.cfbundle; includeInIndex = 0; path = "Tests iOS.xctest"; sourceTree = BUILT_PRODUCTS_DIR; };
		04DECB0F28BCB511008BA4FA /* Tests_iOS.swift */ = {isa = PBXFileReference; lastKnownFileType = sourcecode.swift; path = Tests_iOS.swift; sourceTree = "<group>"; };
		04DECB1128BCB511008BA4FA /* Tests_iOSLaunchTests.swift */ = {isa = PBXFileReference; lastKnownFileType = sourcecode.swift; path = Tests_iOSLaunchTests.swift; sourceTree = "<group>"; };
		04DECB1728BCB511008BA4FA /* Tests macOS.xctest */ = {isa = PBXFileReference; explicitFileType = wrapper.cfbundle; includeInIndex = 0; path = "Tests macOS.xctest"; sourceTree = BUILT_PRODUCTS_DIR; };
		04DECB1B28BCB511008BA4FA /* Tests_macOS.swift */ = {isa = PBXFileReference; lastKnownFileType = sourcecode.swift; path = Tests_macOS.swift; sourceTree = "<group>"; };
		04DECB1D28BCB511008BA4FA /* Tests_macOSLaunchTests.swift */ = {isa = PBXFileReference; lastKnownFileType = sourcecode.swift; path = Tests_macOSLaunchTests.swift; sourceTree = "<group>"; };
		04DECB3328BCBA24008BA4FA /* Item.swift */ = {isa = PBXFileReference; lastKnownFileType = sourcecode.swift; path = Item.swift; sourceTree = "<group>"; };
/* End PBXFileReference section */

/* Begin PBXFrameworksBuildPhase section */
		04DECAFB28BCB511008BA4FA /* Frameworks */ = {
			isa = PBXFrameworksBuildPhase;
			buildActionMask = 2147483647;
			files = (
			);
			runOnlyForDeploymentPostprocessing = 0;
		};
		04DECB0128BCB511008BA4FA /* Frameworks */ = {
			isa = PBXFrameworksBuildPhase;
			buildActionMask = 2147483647;
			files = (
			);
			runOnlyForDeploymentPostprocessing = 0;
		};
		04DECB0828BCB511008BA4FA /* Frameworks */ = {
			isa = PBXFrameworksBuildPhase;
			buildActionMask = 2147483647;
			files = (
			);
			runOnlyForDeploymentPostprocessing = 0;
		};
		04DECB1428BCB511008BA4FA /* Frameworks */ = {
			isa = PBXFrameworksBuildPhase;
			buildActionMask = 2147483647;
			files = (
			);
			runOnlyForDeploymentPostprocessing = 0;
		};
/* End PBXFrameworksBuildPhase section */

/* Begin PBXGroup section */
		04DECAF128BCB50C008BA4FA = {
			isa = PBXGroup;
			children = (
				04DECAF628BCB50C008BA4FA /* Shared */,
				04DECB0528BCB511008BA4FA /* macOS */,
				04DECB0E28BCB511008BA4FA /* Tests iOS */,
				04DECB1A28BCB511008BA4FA /* Tests macOS */,
				04DECAFF28BCB511008BA4FA /* Products */,
			);
			sourceTree = "<group>";
		};
		04DECAF628BCB50C008BA4FA /* Shared */ = {
			isa = PBXGroup;
			children = (
				04DECAF728BCB50C008BA4FA /* Todo_ListApp.swift */,
				04DECAF828BCB50C008BA4FA /* ContentView.swift */,
				04DECAF928BCB511008BA4FA /* Assets.xcassets */,
				04DECB3328BCBA24008BA4FA /* Item.swift */,
			);
			path = Shared;
			sourceTree = "<group>";
		};
		04DECAFF28BCB511008BA4FA /* Products */ = {
			isa = PBXGroup;
			children = (
				04DECAFE28BCB511008BA4FA /* Todo List.app */,
				04DECB0428BCB511008BA4FA /* Todo List.app */,
				04DECB0B28BCB511008BA4FA /* Tests iOS.xctest */,
				04DECB1728BCB511008BA4FA /* Tests macOS.xctest */,
			);
			name = Products;
			sourceTree = "<group>";
		};
		04DECB0528BCB511008BA4FA /* macOS */ = {
			isa = PBXGroup;
			children = (
				04DECB0628BCB511008BA4FA /* macOS.entitlements */,
			);
			path = macOS;
			sourceTree = "<group>";
		};
		04DECB0E28BCB511008BA4FA /* Tests iOS */ = {
			isa = PBXGroup;
			children = (
				04DECB0F28BCB511008BA4FA /* Tests_iOS.swift */,
				04DECB1128BCB511008BA4FA /* Tests_iOSLaunchTests.swift */,
			);
			path = "Tests iOS";
			sourceTree = "<group>";
		};
		04DECB1A28BCB511008BA4FA /* Tests macOS */ = {
			isa = PBXGroup;
			children = (
				04DECB1B28BCB511008BA4FA /* Tests_macOS.swift */,
				04DECB1D28BCB511008BA4FA /* Tests_macOSLaunchTests.swift */,
			);
			path = "Tests macOS";
			sourceTree = "<group>";
		};
/* End PBXGroup section */

/* Begin PBXNativeTarget section */
		04DECAFD28BCB511008BA4FA /* Todo List (iOS) */ = {
			isa = PBXNativeTarget;
			buildConfigurationList = 04DECB2728BCB511008BA4FA /* Build configuration list for PBXNativeTarget "Todo List (iOS)" */;
			buildPhases = (
				04DECAFA28BCB511008BA4FA /* Sources */,
				04DECAFB28BCB511008BA4FA /* Frameworks */,
				04DECAFC28BCB511008BA4FA /* Resources */,
			);
			buildRules = (
			);
			dependencies = (
			);
			name = "Todo List (iOS)";
			productName = "Todo List (iOS)";
			productReference = 04DECAFE28BCB511008BA4FA /* Todo List.app */;
			productType = "com.apple.product-type.application";
		};
		04DECB0328BCB511008BA4FA /* Todo List (macOS) */ = {
			isa = PBXNativeTarget;
			buildConfigurationList = 04DECB2A28BCB511008BA4FA /* Build configuration list for PBXNativeTarget "Todo List (macOS)" */;
			buildPhases = (
				04DECB0028BCB511008BA4FA /* Sources */,
				04DECB0128BCB511008BA4FA /* Frameworks */,
				04DECB0228BCB511008BA4FA /* Resources */,
			);
			buildRules = (
			);
			dependencies = (
			);
			name = "Todo List (macOS)";
			productName = "Todo List (macOS)";
			productReference = 04DECB0428BCB511008BA4FA /* Todo List.app */;
			productType = "com.apple.product-type.application";
		};
		04DECB0A28BCB511008BA4FA /* Tests iOS */ = {
			isa = PBXNativeTarget;
			buildConfigurationList = 04DECB2D28BCB511008BA4FA /* Build configuration list for PBXNativeTarget "Tests iOS" */;
			buildPhases = (
				04DECB0728BCB511008BA4FA /* Sources */,
				04DECB0828BCB511008BA4FA /* Frameworks */,
				04DECB0928BCB511008BA4FA /* Resources */,
			);
			buildRules = (
			);
			dependencies = (
				04DECB0D28BCB511008BA4FA /* PBXTargetDependency */,
			);
			name = "Tests iOS";
			productName = "Tests iOS";
			productReference = 04DECB0B28BCB511008BA4FA /* Tests iOS.xctest */;
			productType = "com.apple.product-type.bundle.ui-testing";
		};
		04DECB1628BCB511008BA4FA /* Tests macOS */ = {
			isa = PBXNativeTarget;
			buildConfigurationList = 04DECB3028BCB511008BA4FA /* Build configuration list for PBXNativeTarget "Tests macOS" */;
			buildPhases = (
				04DECB1328BCB511008BA4FA /* Sources */,
				04DECB1428BCB511008BA4FA /* Frameworks */,
				04DECB1528BCB511008BA4FA /* Resources */,
			);
			buildRules = (
			);
			dependencies = (
				04DECB1928BCB511008BA4FA /* PBXTargetDependency */,
			);
			name = "Tests macOS";
			productName = "Tests macOS";
			productReference = 04DECB1728BCB511008BA4FA /* Tests macOS.xctest */;
			productType = "com.apple.product-type.bundle.ui-testing";
		};
/* End PBXNativeTarget section */

/* Begin PBXProject section */
		04DECAF228BCB50C008BA4FA /* Project object */ = {
			isa = PBXProject;
			attributes = {
				BuildIndependentTargetsInParallel = 1;
				LastSwiftUpdateCheck = 1340;
				LastUpgradeCheck = 1340;
				TargetAttributes = {
					04DECAFD28BCB511008BA4FA = {
						CreatedOnToolsVersion = 13.4.1;
					};
					04DECB0328BCB511008BA4FA = {
						CreatedOnToolsVersion = 13.4.1;
					};
					04DECB0A28BCB511008BA4FA = {
						CreatedOnToolsVersion = 13.4.1;
						TestTargetID = 04DECAFD28BCB511008BA4FA;
					};
					04DECB1628BCB511008BA4FA = {
						CreatedOnToolsVersion = 13.4.1;
						TestTargetID = 04DECB0328BCB511008BA4FA;
					};
				};
			};
			buildConfigurationList = 04DECAF528BCB50C008BA4FA /* Build configuration list for PBXProject "Todo List" */;
			compatibilityVersion = "Xcode 13.0";
			developmentRegion = en;
			hasScannedForEncodings = 0;
			knownRegions = (
				en,
				Base,
			);
			mainGroup = 04DECAF128BCB50C008BA4FA;
			productRefGroup = 04DECAFF28BCB511008BA4FA /* Products */;
			projectDirPath = "";
			projectRoot = "";
			targets = (
				04DECAFD28BCB511008BA4FA /* Todo List (iOS) */,
				04DECB0328BCB511008BA4FA /* Todo List (macOS) */,
				04DECB0A28BCB511008BA4FA /* Tests iOS */,
				04DECB1628BCB511008BA4FA /* Tests macOS */,
			);
		};
/* End PBXProject section */

/* Begin PBXResourcesBuildPhase section */
		04DECAFC28BCB511008BA4FA /* Resources */ = {
			isa = PBXResourcesBuildPhase;
			buildActionMask = 2147483647;
			files = (
				04DECB2328BCB511008BA4FA /* Assets.xcassets in Resources */,
			);
			runOnlyForDeploymentPostprocessing = 0;
		};
		04DECB0228BCB511008BA4FA /* Resources */ = {
			isa = PBXResourcesBuildPhase;
			buildActionMask = 2147483647;
			files = (
				04DECB2428BCB511008BA4FA /* Assets.xcassets in Resources */,
			);
			runOnlyForDeploymentPostprocessing = 0;
		};
		04DECB0928BCB511008BA4FA /* Resources */ = {
			isa = PBXResourcesBuildPhase;
			buildActionMask = 2147483647;
			files = (
			);
			runOnlyForDeploymentPostprocessing = 0;
		};
		04DECB1528BCB511008BA4FA /* Resources */ = {
			isa = PBXResourcesBuildPhase;
			buildActionMask = 2147483647;
			files = (
			);
			runOnlyForDeploymentPostprocessing = 0;
		};
/* End PBXResourcesBuildPhase section */

/* Begin PBXSourcesBuildPhase section */
		04DECAFA28BCB511008BA4FA /* Sources */ = {
			isa = PBXSourcesBuildPhase;
			buildActionMask = 2147483647;
			files = (
				04DECB2128BCB511008BA4FA /* ContentView.swift in Sources */,
				04DECB3428BCBA24008BA4FA /* Item.swift in Sources */,
				04DECB1F28BCB511008BA4FA /* Todo_ListApp.swift in Sources */,
			);
			runOnlyForDeploymentPostprocessing = 0;
		};
		04DECB0028BCB511008BA4FA /* Sources */ = {
			isa = PBXSourcesBuildPhase;
			buildActionMask = 2147483647;
			files = (
				04DECB2228BCB511008BA4FA /* ContentView.swift in Sources */,
				04DECB3528BCBA25008BA4FA /* Item.swift in Sources */,
				04DECB2028BCB511008BA4FA /* Todo_ListApp.swift in Sources */,
			);
			runOnlyForDeploymentPostprocessing = 0;
		};
		04DECB0728BCB511008BA4FA /* Sources */ = {
			isa = PBXSourcesBuildPhase;
			buildActionMask = 2147483647;
			files = (
				04DECB1228BCB511008BA4FA /* Tests_iOSLaunchTests.swift in Sources */,
				04DECB1028BCB511008BA4FA /* Tests_iOS.swift in Sources */,
			);
			runOnlyForDeploymentPostprocessing = 0;
		};
		04DECB1328BCB511008BA4FA /* Sources */ = {
			isa = PBXSourcesBuildPhase;
			buildActionMask = 2147483647;
			files = (
				04DECB1E28BCB511008BA4FA /* Tests_macOSLaunchTests.swift in Sources */,
				04DECB1C28BCB511008BA4FA /* Tests_macOS.swift in Sources */,
			);
			runOnlyForDeploymentPostprocessing = 0;
		};
/* End PBXSourcesBuildPhase section */

/* Begin PBXTargetDependency section */
		04DECB0D28BCB511008BA4FA /* PBXTargetDependency */ = {
			isa = PBXTargetDependency;
			target = 04DECAFD28BCB511008BA4FA /* Todo List (iOS) */;
			targetProxy = 04DECB0C28BCB511008BA4FA /* PBXContainerItemProxy */;
		};
		04DECB1928BCB511008BA4FA /* PBXTargetDependency */ = {
			isa = PBXTargetDependency;
			target = 04DECB0328BCB511008BA4FA /* Todo List (macOS) */;
			targetProxy = 04DECB1828BCB511008BA4FA /* PBXContainerItemProxy */;
		};
/* End PBXTargetDependency section */

/* Begin XCBuildConfiguration section */
		04DECB2528BCB511008BA4FA /* Debug */ = {
			isa = XCBuildConfiguration;
			buildSettings = {
				ALWAYS_SEARCH_USER_PATHS = NO;
				CLANG_ANALYZER_NONNULL = YES;
				CLANG_ANALYZER_NUMBER_OBJECT_CONVERSION = YES_AGGRESSIVE;
				CLANG_CXX_LANGUAGE_STANDARD = "gnu++17";
				CLANG_ENABLE_MODULES = YES;
				CLANG_ENABLE_OBJC_ARC = YES;
				CLANG_ENABLE_OBJC_WEAK = YES;
				CLANG_WARN_BLOCK_CAPTURE_AUTORELEASING = YES;
				CLANG_WARN_BOOL_CONVERSION = YES;
				CLANG_WARN_COMMA = YES;
				CLANG_WARN_CONSTANT_CONVERSION = YES;
				CLANG_WARN_DEPRECATED_OBJC_IMPLEMENTATIONS = YES;
				CLANG_WARN_DIRECT_OBJC_ISA_USAGE = YES_ERROR;
				CLANG_WARN_DOCUMENTATION_COMMENTS = YES;
				CLANG_WARN_EMPTY_BODY = YES;
				CLANG_WARN_ENUM_CONVERSION = YES;
				CLANG_WARN_INFINITE_RECURSION = YES;
				CLANG_WARN_INT_CONVERSION = YES;
				CLANG_WARN_NON_LITERAL_NULL_CONVERSION = YES;
				CLANG_WARN_OBJC_IMPLICIT_RETAIN_SELF = YES;
				CLANG_WARN_OBJC_LITERAL_CONVERSION = YES;
				CLANG_WARN_OBJC_ROOT_CLASS = YES_ERROR;
				CLANG_WARN_QUOTED_INCLUDE_IN_FRAMEWORK_HEADER = YES;
				CLANG_WARN_RANGE_LOOP_ANALYSIS = YES;
				CLANG_WARN_STRICT_PROTOTYPES = YES;
				CLANG_WARN_SUSPICIOUS_MOVE = YES;
				CLANG_WARN_UNGUARDED_AVAILABILITY = YES_AGGRESSIVE;
				CLANG_WARN_UNREACHABLE_CODE = YES;
				CLANG_WARN__DUPLICATE_METHOD_MATCH = YES;
				COPY_PHASE_STRIP = NO;
				DEBUG_INFORMATION_FORMAT = dwarf;
				ENABLE_STRICT_OBJC_MSGSEND = YES;
				ENABLE_TESTABILITY = YES;
				GCC_C_LANGUAGE_STANDARD = gnu11;
				GCC_DYNAMIC_NO_PIC = NO;
				GCC_NO_COMMON_BLOCKS = YES;
				GCC_OPTIMIZATION_LEVEL = 0;
				GCC_PREPROCESSOR_DEFINITIONS = (
					"DEBUG=1",
					"$(inherited)",
				);
				GCC_WARN_64_TO_32_BIT_CONVERSION = YES;
				GCC_WARN_ABOUT_RETURN_TYPE = YES_ERROR;
				GCC_WARN_UNDECLARED_SELECTOR = YES;
				GCC_WARN_UNINITIALIZED_AUTOS = YES_AGGRESSIVE;
				GCC_WARN_UNUSED_FUNCTION = YES;
				GCC_WARN_UNUSED_VARIABLE = YES;
				MTL_ENABLE_DEBUG_INFO = INCLUDE_SOURCE;
				MTL_FAST_MATH = YES;
				ONLY_ACTIVE_ARCH = YES;
				SWIFT_ACTIVE_COMPILATION_CONDITIONS = DEBUG;
				SWIFT_OPTIMIZATION_LEVEL = "-Onone";
			};
			name = Debug;
		};
		04DECB2628BCB511008BA4FA /* Release */ = {
			isa = XCBuildConfiguration;
			buildSettings = {
				ALWAYS_SEARCH_USER_PATHS = NO;
				CLANG_ANALYZER_NONNULL = YES;
				CLANG_ANALYZER_NUMBER_OBJECT_CONVERSION = YES_AGGRESSIVE;
				CLANG_CXX_LANGUAGE_STANDARD = "gnu++17";
				CLANG_ENABLE_MODULES = YES;
				CLANG_ENABLE_OBJC_ARC = YES;
				CLANG_ENABLE_OBJC_WEAK = YES;
				CLANG_WARN_BLOCK_CAPTURE_AUTORELEASING = YES;
				CLANG_WARN_BOOL_CONVERSION = YES;
				CLANG_WARN_COMMA = YES;
				CLANG_WARN_CONSTANT_CONVERSION = YES;
				CLANG_WARN_DEPRECATED_OBJC_IMPLEMENTATIONS = YES;
				CLANG_WARN_DIRECT_OBJC_ISA_USAGE = YES_ERROR;
				CLANG_WARN_DOCUMENTATION_COMMENTS = YES;
				CLANG_WARN_EMPTY_BODY = YES;
				CLANG_WARN_ENUM_CONVERSION = YES;
				CLANG_WARN_INFINITE_RECURSION = YES;
				CLANG_WARN_INT_CONVERSION = YES;
				CLANG_WARN_NON_LITERAL_NULL_CONVERSION = YES;
				CLANG_WARN_OBJC_IMPLICIT_RETAIN_SELF = YES;
				CLANG_WARN_OBJC_LITERAL_CONVERSION = YES;
				CLANG_WARN_OBJC_ROOT_CLASS = YES_ERROR;
				CLANG_WARN_QUOTED_INCLUDE_IN_FRAMEWORK_HEADER = YES;
				CLANG_WARN_RANGE_LOOP_ANALYSIS = YES;
				CLANG_WARN_STRICT_PROTOTYPES = YES;
				CLANG_WARN_SUSPICIOUS_MOVE = YES;
				CLANG_WARN_UNGUARDED_AVAILABILITY = YES_AGGRESSIVE;
				CLANG_WARN_UNREACHABLE_CODE = YES;
				CLANG_WARN__DUPLICATE_METHOD_MATCH = YES;
				COPY_PHASE_STRIP = NO;
				DEBUG_INFORMATION_FORMAT = "dwarf-with-dsym";
				ENABLE_NS_ASSERTIONS = NO;
				ENABLE_STRICT_OBJC_MSGSEND = YES;
				GCC_C_LANGUAGE_STANDARD = gnu11;
				GCC_NO_COMMON_BLOCKS = YES;
				GCC_WARN_64_TO_32_BIT_CONVERSION = YES;
				GCC_WARN_ABOUT_RETURN_TYPE = YES_ERROR;
				GCC_WARN_UNDECLARED_SELECTOR = YES;
				GCC_WARN_UNINITIALIZED_AUTOS = YES_AGGRESSIVE;
				GCC_WARN_UNUSED_FUNCTION = YES;
				GCC_WARN_UNUSED_VARIABLE = YES;
				MTL_ENABLE_DEBUG_INFO = NO;
				MTL_FAST_MATH = YES;
				SWIFT_COMPILATION_MODE = wholemodule;
				SWIFT_OPTIMIZATION_LEVEL = "-O";
			};
			name = Release;
		};
		04DECB2828BCB511008BA4FA /* Debug */ = {
			isa = XCBuildConfiguration;
			buildSettings = {
				ASSETCATALOG_COMPILER_APPICON_NAME = AppIcon;
				ASSETCATALOG_COMPILER_GLOBAL_ACCENT_COLOR_NAME = AccentColor;
				CODE_SIGN_STYLE = Automatic;
				CURRENT_PROJECT_VERSION = 1;
				ENABLE_PREVIEWS = YES;
				GENERATE_INFOPLIST_FILE = YES;
				INFOPLIST_KEY_UIApplicationSceneManifest_Generation = YES;
				INFOPLIST_KEY_UIApplicationSupportsIndirectInputEvents = YES;
				INFOPLIST_KEY_UILaunchScreen_Generation = YES;
				INFOPLIST_KEY_UISupportedInterfaceOrientations_iPad = "UIInterfaceOrientationPortrait UIInterfaceOrientationPortraitUpsideDown UIInterfaceOrientationLandscapeLeft UIInterfaceOrientationLandscapeRight";
				INFOPLIST_KEY_UISupportedInterfaceOrientations_iPhone = "UIInterfaceOrientationPortrait UIInterfaceOrientationLandscapeLeft UIInterfaceOrientationLandscapeRight";
				IPHONEOS_DEPLOYMENT_TARGET = 15.5;
				LD_RUNPATH_SEARCH_PATHS = (
					"$(inherited)",
					"@executable_path/Frameworks",
				);
				MARKETING_VERSION = 1.0;
				PRODUCT_BUNDLE_IDENTIFIER = "reuniony.com.Todo-List";
				PRODUCT_NAME = "Todo List";
				SDKROOT = iphoneos;
				SWIFT_EMIT_LOC_STRINGS = YES;
				SWIFT_VERSION = 5.0;
				TARGETED_DEVICE_FAMILY = "1,2";
			};
			name = Debug;
		};
		04DECB2928BCB511008BA4FA /* Release */ = {
			isa = XCBuildConfiguration;
			buildSettings = {
				ASSETCATALOG_COMPILER_APPICON_NAME = AppIcon;
				ASSETCATALOG_COMPILER_GLOBAL_ACCENT_COLOR_NAME = AccentColor;
				CODE_SIGN_STYLE = Automatic;
				CURRENT_PROJECT_VERSION = 1;
				ENABLE_PREVIEWS = YES;
				GENERATE_INFOPLIST_FILE = YES;
				INFOPLIST_KEY_UIApplicationSceneManifest_Generation = YES;
				INFOPLIST_KEY_UIApplicationSupportsIndirectInputEvents = YES;
				INFOPLIST_KEY_UILaunchScreen_Generation = YES;
				INFOPLIST_KEY_UISupportedInterfaceOrientations_iPad = "UIInterfaceOrientationPortrait UIInterfaceOrientationPortraitUpsideDown UIInterfaceOrientationLandscapeLeft UIInterfaceOrientationLandscapeRight";
				INFOPLIST_KEY_UISupportedInterfaceOrientations_iPhone = "UIInterfaceOrientationPortrait UIInterfaceOrientationLandscapeLeft UIInterfaceOrientationLandscapeRight";
				IPHONEOS_DEPLOYMENT_TARGET = 15.5;
				LD_RUNPATH_SEARCH_PATHS = (
					"$(inherited)",
					"@executable_path/Frameworks",
				);
				MARKETING_VERSION = 1.0;
				PRODUCT_BUNDLE_IDENTIFIER = "reuniony.com.Todo-List";
				PRODUCT_NAME = "Todo List";
				SDKROOT = iphoneos;
				SWIFT_EMIT_LOC_STRINGS = YES;
				SWIFT_VERSION = 5.0;
				TARGETED_DEVICE_FAMILY = "1,2";
				VALIDATE_PRODUCT = YES;
			};
			name = Release;
		};
		04DECB2B28BCB511008BA4FA /* Debug */ = {
			isa = XCBuildConfiguration;
			buildSettings = {
				ASSETCATALOG_COMPILER_APPICON_NAME = AppIcon;
				ASSETCATALOG_COMPILER_GLOBAL_ACCENT_COLOR_NAME = AccentColor;
				CODE_SIGN_ENTITLEMENTS = macOS/macOS.entitlements;
				CODE_SIGN_STYLE = Automatic;
				COMBINE_HIDPI_IMAGES = YES;
				CURRENT_PROJECT_VERSION = 1;
				ENABLE_PREVIEWS = YES;
				GENERATE_INFOPLIST_FILE = YES;
				INFOPLIST_KEY_NSHumanReadableCopyright = "";
				LD_RUNPATH_SEARCH_PATHS = (
					"$(inherited)",
					"@executable_path/../Frameworks",
				);
				MACOSX_DEPLOYMENT_TARGET = 12.3;
				MARKETING_VERSION = 1.0;
				PRODUCT_BUNDLE_IDENTIFIER = "reuniony.com.Todo-List";
				PRODUCT_NAME = "Todo List";
				SDKROOT = macosx;
				SWIFT_EMIT_LOC_STRINGS = YES;
				SWIFT_VERSION = 5.0;
			};
			name = Debug;
		};
		04DECB2C28BCB511008BA4FA /* Release */ = {
			isa = XCBuildConfiguration;
			buildSettings = {
				ASSETCATALOG_COMPILER_APPICON_NAME = AppIcon;
				ASSETCATALOG_COMPILER_GLOBAL_ACCENT_COLOR_NAME = AccentColor;
				CODE_SIGN_ENTITLEMENTS = macOS/macOS.entitlements;
				CODE_SIGN_STYLE = Automatic;
				COMBINE_HIDPI_IMAGES = YES;
				CURRENT_PROJECT_VERSION = 1;
				ENABLE_PREVIEWS = YES;
				GENERATE_INFOPLIST_FILE = YES;
				INFOPLIST_KEY_NSHumanReadableCopyright = "";
				LD_RUNPATH_SEARCH_PATHS = (
					"$(inherited)",
					"@executable_path/../Frameworks",
				);
				MACOSX_DEPLOYMENT_TARGET = 12.3;
				MARKETING_VERSION = 1.0;
				PRODUCT_BUNDLE_IDENTIFIER = "reuniony.com.Todo-List";
				PRODUCT_NAME = "Todo List";
				SDKROOT = macosx;
				SWIFT_EMIT_LOC_STRINGS = YES;
				SWIFT_VERSION = 5.0;
			};
			name = Release;
		};
		04DECB2E28BCB511008BA4FA /* Debug */ = {
			isa = XCBuildConfiguration;
			buildSettings = {
				ALWAYS_EMBED_SWIFT_STANDARD_LIBRARIES = YES;
				CODE_SIGN_STYLE = Automatic;
				CURRENT_PROJECT_VERSION = 1;
				GENERATE_INFOPLIST_FILE = YES;
				IPHONEOS_DEPLOYMENT_TARGET = 15.5;
				MARKETING_VERSION = 1.0;
				PRODUCT_BUNDLE_IDENTIFIER = "reuniony.com.Tests-iOS";
				PRODUCT_NAME = "$(TARGET_NAME)";
				SDKROOT = iphoneos;
				SWIFT_EMIT_LOC_STRINGS = NO;
				SWIFT_VERSION = 5.0;
				TARGETED_DEVICE_FAMILY = "1,2";
				TEST_TARGET_NAME = "Todo List (iOS)";
			};
			name = Debug;
		};
		04DECB2F28BCB511008BA4FA /* Release */ = {
			isa = XCBuildConfiguration;
			buildSettings = {
				ALWAYS_EMBED_SWIFT_STANDARD_LIBRARIES = YES;
				CODE_SIGN_STYLE = Automatic;
				CURRENT_PROJECT_VERSION = 1;
				GENERATE_INFOPLIST_FILE = YES;
				IPHONEOS_DEPLOYMENT_TARGET = 15.5;
				MARKETING_VERSION = 1.0;
				PRODUCT_BUNDLE_IDENTIFIER = "reuniony.com.Tests-iOS";
				PRODUCT_NAME = "$(TARGET_NAME)";
				SDKROOT = iphoneos;
				SWIFT_EMIT_LOC_STRINGS = NO;
				SWIFT_VERSION = 5.0;
				TARGETED_DEVICE_FAMILY = "1,2";
				TEST_TARGET_NAME = "Todo List (iOS)";
				VALIDATE_PRODUCT = YES;
			};
			name = Release;
		};
		04DECB3128BCB511008BA4FA /* Debug */ = {
			isa = XCBuildConfiguration;
			buildSettings = {
				ALWAYS_EMBED_SWIFT_STANDARD_LIBRARIES = YES;
				CODE_SIGN_STYLE = Automatic;
				CURRENT_PROJECT_VERSION = 1;
				GENERATE_INFOPLIST_FILE = YES;
				MACOSX_DEPLOYMENT_TARGET = 12.3;
				MARKETING_VERSION = 1.0;
				PRODUCT_BUNDLE_IDENTIFIER = "reuniony.com.Tests-macOS";
				PRODUCT_NAME = "$(TARGET_NAME)";
				SDKROOT = macosx;
				SWIFT_EMIT_LOC_STRINGS = NO;
				SWIFT_VERSION = 5.0;
				TEST_TARGET_NAME = "Todo List (macOS)";
			};
			name = Debug;
		};
		04DECB3228BCB511008BA4FA /* Release */ = {
			isa = XCBuildConfiguration;
			buildSettings = {
				ALWAYS_EMBED_SWIFT_STANDARD_LIBRARIES = YES;
				CODE_SIGN_STYLE = Automatic;
				CURRENT_PROJECT_VERSION = 1;
				GENERATE_INFOPLIST_FILE = YES;
				MACOSX_DEPLOYMENT_TARGET = 12.3;
				MARKETING_VERSION = 1.0;
				PRODUCT_BUNDLE_IDENTIFIER = "reuniony.com.Tests-macOS";
				PRODUCT_NAME = "$(TARGET_NAME)";
				SDKROOT = macosx;
				SWIFT_EMIT_LOC_STRINGS = NO;
				SWIFT_VERSION = 5.0;
				TEST_TARGET_NAME = "Todo List (macOS)";
			};
			name = Release;
		};
/* End XCBuildConfiguration section */

/* Begin XCConfigurationList section */
		04DECAF528BCB50C008BA4FA /* Build configuration list for PBXProject "Todo List" */ = {
			isa = XCConfigurationList;
			buildConfigurations = (
				04DECB2528BCB511008BA4FA /* Debug */,
				04DECB2628BCB511008BA4FA /* Release */,
			);
			defaultConfigurationIsVisible = 0;
			defaultConfigurationName = Release;
		};
		04DECB2728BCB511008BA4FA /* Build configuration list for PBXNativeTarget "Todo List (iOS)" */ = {
			isa = XCConfigurationList;
			buildConfigurations = (
				04DECB2828BCB511008BA4FA /* Debug */,
				04DECB2928BCB511008BA4FA /* Release */,
			);
			defaultConfigurationIsVisible = 0;
			defaultConfigurationName = Release;
		};
		04DECB2A28BCB511008BA4FA /* Build configuration list for PBXNativeTarget "Todo List (macOS)" */ = {
			isa = XCConfigurationList;
			buildConfigurations = (
				04DECB2B28BCB511008BA4FA /* Debug */,
				04DECB2C28BCB511008BA4FA /* Release */,
			);
			defaultConfigurationIsVisible = 0;
			defaultConfigurationName = Release;
		};
		04DECB2D28BCB511008BA4FA /* Build configuration list for PBXNativeTarget "Tests iOS" */ = {
			isa = XCConfigurationList;
			buildConfigurations = (
				04DECB2E28BCB511008BA4FA /* Debug */,
				04DECB2F28BCB511008BA4FA /* Release */,
			);
			defaultConfigurationIsVisible = 0;
			defaultConfigurationName = Release;
		};
		04DECB3028BCB511008BA4FA /* Build configuration list for PBXNativeTarget "Tests macOS" */ = {
			isa = XCConfigurationList;
			buildConfigurations = (
				04DECB3128BCB511008BA4FA /* Debug */,
				04DECB3228BCB511008BA4FA /* Release */,
			);
			defaultConfigurationIsVisible = 0;
			defaultConfigurationName = Release;
		};
/* End XCConfigurationList section */
	};
	rootObject = 04DECAF228BCB50C008BA4FA /* Project object */;
}
